
Microsoft Visual Studio Solution File, Format Version 12.00
# Visual Studio 14
VisualStudioVersion = 14.0.25420.1
MinimumVisualStudioVersion = 10.0.40219.1
Project("{FAE04EC0-301F-11D3-BF4B-00C04F79EFBC}") = "ATT.IoT.StarterKitPortal.Web", "ATT.IoT.StarterKitPortal.Web\ATT.IoT.StarterKitPortal.Web.csproj", "{FBD59756-BBBA-4F5B-A348-525C6B133EBE}"
EndProject
Project("{FAE04EC0-301F-11D3-BF4B-00C04F79EFBC}") = "ATT.IoT.StarterKitPortal.Data", "ATT.IoT.StarterKitPortal.Data\ATT.IoT.StarterKitPortal.Data.csproj", "{68426634-B24D-44B8-BA7F-EA897E38EF6A}"
EndProject
Project("{FAE04EC0-301F-11D3-BF4B-00C04F79EFBC}") = "ATT.IoT.StarterKitPortal.UnitTest", "ATT.IoT.StarterKitPortal.UnitTest\ATT.IoT.StarterKitPortal.UnitTest.csproj", "{C69B7D1B-A47A-4D12-AA2D-11BF8382ABD7}"
EndProject
Global
	GlobalSection(SolutionConfigurationPlatforms) = preSolution
		Debug|Any CPU = Debug|Any CPU
		Release|Any CPU = Release|Any CPU
	EndGlobalSection
	GlobalSection(ProjectConfigurationPlatforms) = postSolution
		{FBD59756-BBBA-4F5B-A348-525C6B133EBE}.Debug|Any CPU.ActiveCfg = Debug|Any CPU
		{FBD59756-BBBA-4F5B-A348-525C6B133EBE}.Debug|Any CPU.Build.0 = Debug|Any CPU
		{FBD59756-BBBA-4F5B-A348-525C6B133EBE}.Release|Any CPU.ActiveCfg = Release|Any CPU
		{FBD59756-BBBA-4F5B-A348-525C6B133EBE}.Release|Any CPU.Build.0 = Release|Any CPU
		{68426634-B24D-44B8-BA7F-EA897E38EF6A}.Debug|Any CPU.ActiveCfg = Debug|Any CPU
		{68426634-B24D-44B8-BA7F-EA897E38EF6A}.Debug|Any CPU.Build.0 = Debug|Any CPU
		{68426634-B24D-44B8-BA7F-EA897E38EF6A}.Release|Any CPU.ActiveCfg = Release|Any CPU
		{68426634-B24D-44B8-BA7F-EA897E38EF6A}.Release|Any CPU.Build.0 = Release|Any CPU
		{C69B7D1B-A47A-4D12-AA2D-11BF8382ABD7}.Debug|Any CPU.ActiveCfg = Debug|Any CPU
		{C69B7D1B-A47A-4D12-AA2D-11BF8382ABD7}.Debug|Any CPU.Build.0 = Debug|Any CPU
		{C69B7D1B-A47A-4D12-AA2D-11BF8382ABD7}.Release|Any CPU.ActiveCfg = Release|Any CPU
		{C69B7D1B-A47A-4D12-AA2D-11BF8382ABD7}.Release|Any CPU.Build.0 = Release|Any CPU
	EndGlobalSection
	GlobalSection(SolutionProperties) = preSolution
		HideSolutionNode = FALSE
	EndGlobalSection
EndGlobal
